// !$*UTF8*$!
{
	archiveVersion = 1;
	classes = {
	};
	objectVersion = 51;
	objects = {

/* Begin PBXBuildFile section */
		041ACFE424EDA24100834852 /* AppDelegate.swift in Sources */ = {isa = PBXBuildFile; fileRef = 041ACFE324EDA24100834852 /* AppDelegate.swift */; };
		041ACFE824EDA24100834852 /* SignInViewController.swift in Sources */ = {isa = PBXBuildFile; fileRef = 041ACFE724EDA24100834852 /* SignInViewController.swift */; };
		041ACFEB24EDA24100834852 /* Main.storyboard in Resources */ = {isa = PBXBuildFile; fileRef = 041ACFE924EDA24100834852 /* Main.storyboard */; };
		041ACFF024EDA24400834852 /* LaunchScreen.storyboard in Resources */ = {isa = PBXBuildFile; fileRef = 041ACFEE24EDA24400834852 /* LaunchScreen.storyboard */; };
		041AD00324EE92A100834852 /* Comfortaa-Regular.ttf in Resources */ = {isa = PBXBuildFile; fileRef = 041AD00224EE92A100834852 /* Comfortaa-Regular.ttf */; };
		041AD00724EF071100834852 /* LeaderboardViewController.swift in Sources */ = {isa = PBXBuildFile; fileRef = 041AD00624EF071100834852 /* LeaderboardViewController.swift */; };
		0451E1FA24F7057C00FEC60D /* GoogleService-Info.plist in Resources */ = {isa = PBXBuildFile; fileRef = 0451E1F924F7057C00FEC60D /* GoogleService-Info.plist */; };
		049E371E24EFCAF7005846C9 /* Person.swift in Sources */ = {isa = PBXBuildFile; fileRef = 049E371D24EFCAF7005846C9 /* Person.swift */; };
		049E372024EFD6C2005846C9 /* SessionsStorage.swift in Sources */ = {isa = PBXBuildFile; fileRef = 049E371F24EFD6C2005846C9 /* SessionsStorage.swift */; };
		049E372224F1BECB005846C9 /* LeaderboardTableViewCell.swift in Sources */ = {isa = PBXBuildFile; fileRef = 049E372124F1BECB005846C9 /* LeaderboardTableViewCell.swift */; };
		04DCA59825020933005DD452 /* User.swift in Sources */ = {isa = PBXBuildFile; fileRef = 04DCA59725020933005DD452 /* User.swift */; };
		184A4188252E5B6E008EEF8A /* Assets.xcassets in Resources */ = {isa = PBXBuildFile; fileRef = 184A4187252E5B6E008EEF8A /* Assets.xcassets */; };
		184F1B36252D243800666295 /* PTMono.ttc in Resources */ = {isa = PBXBuildFile; fileRef = 184F1B35252D243800666295 /* PTMono.ttc */; };
		18D34E71252EEF0C00074B35 /* SystemConfiguration.framework in Frameworks */ = {isa = PBXBuildFile; fileRef = 18D34E6D252EED5900074B35 /* SystemConfiguration.framework */; };
/* End PBXBuildFile section */

/* Begin PBXFileReference section */
		041ACFE024EDA24100834852 /* Walk-a-fella.app */ = {isa = PBXFileReference; explicitFileType = wrapper.application; includeInIndex = 0; path = "Walk-a-fella.app"; sourceTree = BUILT_PRODUCTS_DIR; };
		041ACFE324EDA24100834852 /* AppDelegate.swift */ = {isa = PBXFileReference; lastKnownFileType = sourcecode.swift; path = AppDelegate.swift; sourceTree = "<group>"; };
		041ACFE724EDA24100834852 /* SignInViewController.swift */ = {isa = PBXFileReference; lastKnownFileType = sourcecode.swift; path = SignInViewController.swift; sourceTree = "<group>"; };
		041ACFEA24EDA24100834852 /* Base */ = {isa = PBXFileReference; lastKnownFileType = file.storyboard; name = Base; path = Base.lproj/Main.storyboard; sourceTree = "<group>"; };
		041ACFEF24EDA24400834852 /* Base */ = {isa = PBXFileReference; lastKnownFileType = file.storyboard; name = Base; path = Base.lproj/LaunchScreen.storyboard; sourceTree = "<group>"; };
		041ACFF124EDA24400834852 /* Info.plist */ = {isa = PBXFileReference; lastKnownFileType = text.plist.xml; path = Info.plist; sourceTree = "<group>"; };
		041AD00224EE92A100834852 /* Comfortaa-Regular.ttf */ = {isa = PBXFileReference; lastKnownFileType = file; path = "Comfortaa-Regular.ttf"; sourceTree = "<group>"; };
		041AD00624EF071100834852 /* LeaderboardViewController.swift */ = {isa = PBXFileReference; lastKnownFileType = sourcecode.swift; path = LeaderboardViewController.swift; sourceTree = "<group>"; };
		0451E1F924F7057C00FEC60D /* GoogleService-Info.plist */ = {isa = PBXFileReference; fileEncoding = 4; lastKnownFileType = text.plist.xml; path = "GoogleService-Info.plist"; sourceTree = "<group>"; };
		049E371D24EFCAF7005846C9 /* Person.swift */ = {isa = PBXFileReference; lastKnownFileType = sourcecode.swift; path = Person.swift; sourceTree = "<group>"; };
		049E371F24EFD6C2005846C9 /* SessionsStorage.swift */ = {isa = PBXFileReference; lastKnownFileType = sourcecode.swift; path = SessionsStorage.swift; sourceTree = "<group>"; };
		049E372124F1BECB005846C9 /* LeaderboardTableViewCell.swift */ = {isa = PBXFileReference; lastKnownFileType = sourcecode.swift; path = LeaderboardTableViewCell.swift; sourceTree = "<group>"; };
		04DCA59725020933005DD452 /* User.swift */ = {isa = PBXFileReference; lastKnownFileType = sourcecode.swift; path = User.swift; sourceTree = "<group>"; };
		184A4187252E5B6E008EEF8A /* Assets.xcassets */ = {isa = PBXFileReference; lastKnownFileType = folder.assetcatalog; path = Assets.xcassets; sourceTree = "<group>"; };
		184F1B35252D243800666295 /* PTMono.ttc */ = {isa = PBXFileReference; lastKnownFileType = file; path = PTMono.ttc; sourceTree = "<group>"; };
		18D34E6D252EED5900074B35 /* SystemConfiguration.framework */ = {isa = PBXFileReference; lastKnownFileType = wrapper.framework; name = SystemConfiguration.framework; path = System/Library/Frameworks/SystemConfiguration.framework; sourceTree = SDKROOT; };
		2AF96053B4F83E711DA85C39 /* Pods-Walk-a-fella.debug.xcconfig */ = {isa = PBXFileReference; includeInIndex = 1; lastKnownFileType = text.xcconfig; name = "Pods-Walk-a-fella.debug.xcconfig"; path = "Target Support Files/Pods-Walk-a-fella/Pods-Walk-a-fella.debug.xcconfig"; sourceTree = "<group>"; };
		DAAA69CA2E92282EC5F63225 /* Pods-Walk-a-fella.release.xcconfig */ = {isa = PBXFileReference; includeInIndex = 1; lastKnownFileType = text.xcconfig; name = "Pods-Walk-a-fella.release.xcconfig"; path = "Target Support Files/Pods-Walk-a-fella/Pods-Walk-a-fella.release.xcconfig"; sourceTree = "<group>"; };
/* End PBXFileReference section */

/* Begin PBXFrameworksBuildPhase section */
		041ACFDD24EDA24100834852 /* Frameworks */ = {
			isa = PBXFrameworksBuildPhase;
			buildActionMask = 2147483647;
			files = (
				18D34E71252EEF0C00074B35 /* SystemConfiguration.framework in Frameworks */,
			);
			runOnlyForDeploymentPostprocessing = 0;
		};
/* End PBXFrameworksBuildPhase section */

/* Begin PBXGroup section */
		041ACFD724EDA24100834852 = {
			isa = PBXGroup;
			children = (
				041ACFE224EDA24100834852 /* Step Out */,
				041ACFE124EDA24100834852 /* Products */,
				925BA8BDD8282EE2CCB57DCC /* Pods */,
				BC3D7E2C5BF35419FABB6113 /* Frameworks */,
			);
			sourceTree = "<group>";
		};
		041ACFE124EDA24100834852 /* Products */ = {
			isa = PBXGroup;
			children = (
				041ACFE024EDA24100834852 /* Walk-a-fella.app */,
			);
			name = Products;
			sourceTree = "<group>";
		};
		041ACFE224EDA24100834852 /* Step Out */ = {
			isa = PBXGroup;
			children = (
				041ACFE324EDA24100834852 /* AppDelegate.swift */,
				041ACFE924EDA24100834852 /* Main.storyboard */,
				184F1B35252D243800666295 /* PTMono.ttc */,
				25B72A0825112854009AD7B6 /* Model */,
				25B72A0925112862009AD7B6 /* View */,
				25B72A072511284B009AD7B6 /* Controller */,
				25B72A0A25112886009AD7B6 /* Supporting files */,
			);
			path = "Step Out";
			sourceTree = "<group>";
		};
		041ACFF724EE767200834852 /* Fonts */ = {
			isa = PBXGroup;
			children = (
				041AD00224EE92A100834852 /* Comfortaa-Regular.ttf */,
			);
			path = Fonts;
			sourceTree = "<group>";
		};
		25B72A072511284B009AD7B6 /* Controller */ = {
			isa = PBXGroup;
			children = (
				041ACFE724EDA24100834852 /* SignInViewController.swift */,
				041AD00624EF071100834852 /* LeaderboardViewController.swift */,
			);
			path = Controller;
			sourceTree = "<group>";
		};
		25B72A0825112854009AD7B6 /* Model */ = {
			isa = PBXGroup;
			children = (
				049E371D24EFCAF7005846C9 /* Person.swift */,
				04DCA59725020933005DD452 /* User.swift */,
				049E371F24EFD6C2005846C9 /* SessionsStorage.swift */,
			);
			path = Model;
			sourceTree = "<group>";
		};
		25B72A0925112862009AD7B6 /* View */ = {
			isa = PBXGroup;
			children = (
				049E372124F1BECB005846C9 /* LeaderboardTableViewCell.swift */,
			);
			path = View;
			sourceTree = "<group>";
		};
		25B72A0A25112886009AD7B6 /* Supporting files */ = {
			isa = PBXGroup;
			children = (
				041ACFF724EE767200834852 /* Fonts */,
				0451E1F924F7057C00FEC60D /* GoogleService-Info.plist */,
				041ACFF124EDA24400834852 /* Info.plist */,
				041ACFEE24EDA24400834852 /* LaunchScreen.storyboard */,
				184A4187252E5B6E008EEF8A /* Assets.xcassets */,
			);
			path = "Supporting files";
			sourceTree = "<group>";
		};
		925BA8BDD8282EE2CCB57DCC /* Pods */ = {
			isa = PBXGroup;
			children = (
				2AF96053B4F83E711DA85C39 /* Pods-Walk-a-fella.debug.xcconfig */,
				DAAA69CA2E92282EC5F63225 /* Pods-Walk-a-fella.release.xcconfig */,
			);
			path = Pods;
			sourceTree = "<group>";
		};
		BC3D7E2C5BF35419FABB6113 /* Frameworks */ = {
			isa = PBXGroup;
			children = (
				18D34E6D252EED5900074B35 /* SystemConfiguration.framework */,
			);
			name = Frameworks;
			sourceTree = "<group>";
		};
/* End PBXGroup section */

/* Begin PBXNativeTarget section */
		041ACFDF24EDA24100834852 /* Walk-a-fella */ = {
			isa = PBXNativeTarget;
			buildConfigurationList = 041ACFF424EDA24400834852 /* Build configuration list for PBXNativeTarget "Walk-a-fella" */;
			buildPhases = (
				6232C350EDA0DD997F30B86F /* [CP] Check Pods Manifest.lock */,
				041ACFDC24EDA24100834852 /* Sources */,
				041ACFDD24EDA24100834852 /* Frameworks */,
				041ACFDE24EDA24100834852 /* Resources */,
				88D0A20B9E97ADE0C444D866 /* [CP] Embed Pods Frameworks */,
				009CCCDBE50AB623A24D5E3F /* [CP] Copy Pods Resources */,
			);
			buildRules = (
			);
			dependencies = (
			);
			name = "Walk-a-fella";
			productName = "Step Out";
			productReference = 041ACFE024EDA24100834852 /* Walk-a-fella.app */;
			productType = "com.apple.product-type.application";
		};
/* End PBXNativeTarget section */

/* Begin PBXProject section */
		041ACFD824EDA24100834852 /* Project object */ = {
			isa = PBXProject;
			attributes = {
				LastSwiftUpdateCheck = 1160;
				LastUpgradeCheck = 1210;
				ORGANIZATIONNAME = Bexultan;
				TargetAttributes = {
					041ACFDF24EDA24100834852 = {
						CreatedOnToolsVersion = 11.6;
					};
				};
			};
			buildConfigurationList = 041ACFDB24EDA24100834852 /* Build configuration list for PBXProject "Walk-a-fella" */;
			compatibilityVersion = "Xcode 9.3";
			developmentRegion = en;
			hasScannedForEncodings = 0;
			knownRegions = (
				en,
				Base,
			);
			mainGroup = 041ACFD724EDA24100834852;
			productRefGroup = 041ACFE124EDA24100834852 /* Products */;
			projectDirPath = "";
			projectRoot = "";
			targets = (
				041ACFDF24EDA24100834852 /* Walk-a-fella */,
			);
		};
/* End PBXProject section */

/* Begin PBXResourcesBuildPhase section */
		041ACFDE24EDA24100834852 /* Resources */ = {
			isa = PBXResourcesBuildPhase;
			buildActionMask = 2147483647;
			files = (
				184A4188252E5B6E008EEF8A /* Assets.xcassets in Resources */,
				184F1B36252D243800666295 /* PTMono.ttc in Resources */,
				041AD00324EE92A100834852 /* Comfortaa-Regular.ttf in Resources */,
				041ACFF024EDA24400834852 /* LaunchScreen.storyboard in Resources */,
				0451E1FA24F7057C00FEC60D /* GoogleService-Info.plist in Resources */,
				041ACFEB24EDA24100834852 /* Main.storyboard in Resources */,
			);
			runOnlyForDeploymentPostprocessing = 0;
		};
/* End PBXResourcesBuildPhase section */

/* Begin PBXShellScriptBuildPhase section */
		009CCCDBE50AB623A24D5E3F /* [CP] Copy Pods Resources */ = {
			isa = PBXShellScriptBuildPhase;
			buildActionMask = 2147483647;
			files = (
			);
			inputFileListPaths = (
				"${PODS_ROOT}/Target Support Files/Pods-Walk-a-fella/Pods-Walk-a-fella-resources-${CONFIGURATION}-input-files.xcfilelist",
			);
			name = "[CP] Copy Pods Resources";
			outputFileListPaths = (
				"${PODS_ROOT}/Target Support Files/Pods-Walk-a-fella/Pods-Walk-a-fella-resources-${CONFIGURATION}-output-files.xcfilelist",
			);
			runOnlyForDeploymentPostprocessing = 0;
			shellPath = /bin/sh;
			shellScript = "\"${PODS_ROOT}/Target Support Files/Pods-Walk-a-fella/Pods-Walk-a-fella-resources.sh\"\n";
			showEnvVarsInLog = 0;
		};
		6232C350EDA0DD997F30B86F /* [CP] Check Pods Manifest.lock */ = {
			isa = PBXShellScriptBuildPhase;
			buildActionMask = 2147483647;
			files = (
			);
			inputFileListPaths = (
			);
			inputPaths = (
				"${PODS_PODFILE_DIR_PATH}/Podfile.lock",
				"${PODS_ROOT}/Manifest.lock",
			);
			name = "[CP] Check Pods Manifest.lock";
			outputFileListPaths = (
			);
			outputPaths = (
				"$(DERIVED_FILE_DIR)/Pods-Walk-a-fella-checkManifestLockResult.txt",
			);
			runOnlyForDeploymentPostprocessing = 0;
			shellPath = /bin/sh;
			shellScript = "diff \"${PODS_PODFILE_DIR_PATH}/Podfile.lock\" \"${PODS_ROOT}/Manifest.lock\" > /dev/null\nif [ $? != 0 ] ; then\n    # print error to STDERR\n    echo \"error: The sandbox is not in sync with the Podfile.lock. Run 'pod install' or update your CocoaPods installation.\" >&2\n    exit 1\nfi\n# This output is used by Xcode 'outputs' to avoid re-running this script phase.\necho \"SUCCESS\" > \"${SCRIPT_OUTPUT_FILE_0}\"\n";
			showEnvVarsInLog = 0;
		};
		88D0A20B9E97ADE0C444D866 /* [CP] Embed Pods Frameworks */ = {
			isa = PBXShellScriptBuildPhase;
			buildActionMask = 2147483647;
			files = (
			);
			inputFileListPaths = (
				"${PODS_ROOT}/Target Support Files/Pods-Walk-a-fella/Pods-Walk-a-fella-frameworks-${CONFIGURATION}-input-files.xcfilelist",
			);
			name = "[CP] Embed Pods Frameworks";
			outputFileListPaths = (
				"${PODS_ROOT}/Target Support Files/Pods-Walk-a-fella/Pods-Walk-a-fella-frameworks-${CONFIGURATION}-output-files.xcfilelist",
			);
			runOnlyForDeploymentPostprocessing = 0;
			shellPath = /bin/sh;
			shellScript = "\"${PODS_ROOT}/Target Support Files/Pods-Walk-a-fella/Pods-Walk-a-fella-frameworks.sh\"\n";
			showEnvVarsInLog = 0;
		};
/* End PBXShellScriptBuildPhase section */

/* Begin PBXSourcesBuildPhase section */
		041ACFDC24EDA24100834852 /* Sources */ = {
			isa = PBXSourcesBuildPhase;
			buildActionMask = 2147483647;
			files = (
				041ACFE824EDA24100834852 /* SignInViewController.swift in Sources */,
				049E372224F1BECB005846C9 /* LeaderboardTableViewCell.swift in Sources */,
				049E371E24EFCAF7005846C9 /* Person.swift in Sources */,
				049E372024EFD6C2005846C9 /* SessionsStorage.swift in Sources */,
				04DCA59825020933005DD452 /* User.swift in Sources */,
				041ACFE424EDA24100834852 /* AppDelegate.swift in Sources */,
				041AD00724EF071100834852 /* LeaderboardViewController.swift in Sources */,
			);
			runOnlyForDeploymentPostprocessing = 0;
		};
/* End PBXSourcesBuildPhase section */

/* Begin PBXVariantGroup section */
		041ACFE924EDA24100834852 /* Main.storyboard */ = {
			isa = PBXVariantGroup;
			children = (
				041ACFEA24EDA24100834852 /* Base */,
			);
			name = Main.storyboard;
			sourceTree = "<group>";
		};
		041ACFEE24EDA24400834852 /* LaunchScreen.storyboard */ = {
			isa = PBXVariantGroup;
			children = (
				041ACFEF24EDA24400834852 /* Base */,
			);
			name = LaunchScreen.storyboard;
			sourceTree = "<group>";
		};
/* End PBXVariantGroup section */

/* Begin XCBuildConfiguration section */
		041ACFF224EDA24400834852 /* Debug */ = {
			isa = XCBuildConfiguration;
			buildSettings = {
				ALWAYS_SEARCH_USER_PATHS = NO;
				CLANG_ANALYZER_NONNULL = YES;
				CLANG_ANALYZER_NUMBER_OBJECT_CONVERSION = YES_AGGRESSIVE;
				CLANG_CXX_LANGUAGE_STANDARD = "gnu++14";
				CLANG_CXX_LIBRARY = "libc++";
				CLANG_ENABLE_MODULES = YES;
				CLANG_ENABLE_OBJC_ARC = YES;
				CLANG_ENABLE_OBJC_WEAK = YES;
				CLANG_WARN_BLOCK_CAPTURE_AUTORELEASING = YES;
				CLANG_WARN_BOOL_CONVERSION = YES;
				CLANG_WARN_COMMA = YES;
				CLANG_WARN_CONSTANT_CONVERSION = YES;
				CLANG_WARN_DEPRECATED_OBJC_IMPLEMENTATIONS = YES;
				CLANG_WARN_DIRECT_OBJC_ISA_USAGE = YES_ERROR;
				CLANG_WARN_DOCUMENTATION_COMMENTS = YES;
				CLANG_WARN_EMPTY_BODY = YES;
				CLANG_WARN_ENUM_CONVERSION = YES;
				CLANG_WARN_INFINITE_RECURSION = YES;
				CLANG_WARN_INT_CONVERSION = YES;
				CLANG_WARN_NON_LITERAL_NULL_CONVERSION = YES;
				CLANG_WARN_OBJC_IMPLICIT_RETAIN_SELF = YES;
				CLANG_WARN_OBJC_LITERAL_CONVERSION = YES;
				CLANG_WARN_OBJC_ROOT_CLASS = YES_ERROR;
				CLANG_WARN_QUOTED_INCLUDE_IN_FRAMEWORK_HEADER = YES;
				CLANG_WARN_RANGE_LOOP_ANALYSIS = YES;
				CLANG_WARN_STRICT_PROTOTYPES = YES;
				CLANG_WARN_SUSPICIOUS_MOVE = YES;
				CLANG_WARN_UNGUARDED_AVAILABILITY = YES_AGGRESSIVE;
				CLANG_WARN_UNREACHABLE_CODE = YES;
				CLANG_WARN__DUPLICATE_METHOD_MATCH = YES;
				COPY_PHASE_STRIP = NO;
				DEBUG_INFORMATION_FORMAT = dwarf;
				ENABLE_STRICT_OBJC_MSGSEND = YES;
				ENABLE_TESTABILITY = YES;
				GCC_C_LANGUAGE_STANDARD = gnu11;
				GCC_DYNAMIC_NO_PIC = NO;
				GCC_NO_COMMON_BLOCKS = YES;
				GCC_OPTIMIZATION_LEVEL = 0;
				GCC_PREPROCESSOR_DEFINITIONS = (
					"DEBUG=1",
					"$(inherited)",
				);
				GCC_WARN_64_TO_32_BIT_CONVERSION = YES;
				GCC_WARN_ABOUT_RETURN_TYPE = YES_ERROR;
				GCC_WARN_UNDECLARED_SELECTOR = YES;
				GCC_WARN_UNINITIALIZED_AUTOS = YES_AGGRESSIVE;
				GCC_WARN_UNUSED_FUNCTION = YES;
				GCC_WARN_UNUSED_VARIABLE = YES;
				IPHONEOS_DEPLOYMENT_TARGET = 12.0;
				MTL_ENABLE_DEBUG_INFO = INCLUDE_SOURCE;
				MTL_FAST_MATH = YES;
				ONLY_ACTIVE_ARCH = YES;
				SDKROOT = iphoneos;
				SWIFT_ACTIVE_COMPILATION_CONDITIONS = DEBUG;
				SWIFT_OPTIMIZATION_LEVEL = "-Onone";
				TARGETED_DEVICE_FAMILY = "1,2";
			};
			name = Debug;
		};
		041ACFF324EDA24400834852 /* Release */ = {
			isa = XCBuildConfiguration;
			buildSettings = {
				ALWAYS_SEARCH_USER_PATHS = NO;
				CLANG_ANALYZER_NONNULL = YES;
				CLANG_ANALYZER_NUMBER_OBJECT_CONVERSION = YES_AGGRESSIVE;
				CLANG_CXX_LANGUAGE_STANDARD = "gnu++14";
				CLANG_CXX_LIBRARY = "libc++";
				CLANG_ENABLE_MODULES = YES;
				CLANG_ENABLE_OBJC_ARC = YES;
				CLANG_ENABLE_OBJC_WEAK = YES;
				CLANG_WARN_BLOCK_CAPTURE_AUTORELEASING = YES;
				CLANG_WARN_BOOL_CONVERSION = YES;
				CLANG_WARN_COMMA = YES;
				CLANG_WARN_CONSTANT_CONVERSION = YES;
				CLANG_WARN_DEPRECATED_OBJC_IMPLEMENTATIONS = YES;
				CLANG_WARN_DIRECT_OBJC_ISA_USAGE = YES_ERROR;
				CLANG_WARN_DOCUMENTATION_COMMENTS = YES;
				CLANG_WARN_EMPTY_BODY = YES;
				CLANG_WARN_ENUM_CONVERSION = YES;
				CLANG_WARN_INFINITE_RECURSION = YES;
				CLANG_WARN_INT_CONVERSION = YES;
				CLANG_WARN_NON_LITERAL_NULL_CONVERSION = YES;
				CLANG_WARN_OBJC_IMPLICIT_RETAIN_SELF = YES;
				CLANG_WARN_OBJC_LITERAL_CONVERSION = YES;
				CLANG_WARN_OBJC_ROOT_CLASS = YES_ERROR;
				CLANG_WARN_QUOTED_INCLUDE_IN_FRAMEWORK_HEADER = YES;
				CLANG_WARN_RANGE_LOOP_ANALYSIS = YES;
				CLANG_WARN_STRICT_PROTOTYPES = YES;
				CLANG_WARN_SUSPICIOUS_MOVE = YES;
				CLANG_WARN_UNGUARDED_AVAILABILITY = YES_AGGRESSIVE;
				CLANG_WARN_UNREACHABLE_CODE = YES;
				CLANG_WARN__DUPLICATE_METHOD_MATCH = YES;
				COPY_PHASE_STRIP = NO;
				DEBUG_INFORMATION_FORMAT = "dwarf-with-dsym";
				ENABLE_NS_ASSERTIONS = NO;
				ENABLE_STRICT_OBJC_MSGSEND = YES;
				GCC_C_LANGUAGE_STANDARD = gnu11;
				GCC_NO_COMMON_BLOCKS = YES;
				GCC_WARN_64_TO_32_BIT_CONVERSION = YES;
				GCC_WARN_ABOUT_RETURN_TYPE = YES_ERROR;
				GCC_WARN_UNDECLARED_SELECTOR = YES;
				GCC_WARN_UNINITIALIZED_AUTOS = YES_AGGRESSIVE;
				GCC_WARN_UNUSED_FUNCTION = YES;
				GCC_WARN_UNUSED_VARIABLE = YES;
				IPHONEOS_DEPLOYMENT_TARGET = 12.0;
				MTL_ENABLE_DEBUG_INFO = NO;
				MTL_FAST_MATH = YES;
				SDKROOT = iphoneos;
				SWIFT_COMPILATION_MODE = wholemodule;
				SWIFT_OPTIMIZATION_LEVEL = "-O";
				TARGETED_DEVICE_FAMILY = "1,2";
				VALIDATE_PRODUCT = YES;
			};
			name = Release;
		};
		041ACFF524EDA24400834852 /* Debug */ = {
			isa = XCBuildConfiguration;
			baseConfigurationReference = 2AF96053B4F83E711DA85C39 /* Pods-Walk-a-fella.debug.xcconfig */;
			buildSettings = {
				ASSETCATALOG_COMPILER_APPICON_NAME = AppIcon;
				CODE_SIGN_IDENTITY = "Apple Development";
				CODE_SIGN_STYLE = Automatic;
				DEVELOPMENT_TEAM = L34H6AHX58;
				INFOPLIST_FILE = "Step Out/Supporting Files/Info.plist";
				IPHONEOS_DEPLOYMENT_TARGET = 12.0;
				LD_RUNPATH_SEARCH_PATHS = (
					"$(inherited)",
					"@executable_path/Frameworks",
				);
				PRODUCT_BUNDLE_IDENTIFIER = "com.Tokan.Walk-a-fella";
				PRODUCT_NAME = "$(TARGET_NAME)";
				PROVISIONING_PROFILE_SPECIFIER = "";
				SWIFT_VERSION = 5.0;
				TARGETED_DEVICE_FAMILY = "1,2";
			};
			name = Debug;
		};
		041ACFF624EDA24400834852 /* Release */ = {
			isa = XCBuildConfiguration;
			baseConfigurationReference = DAAA69CA2E92282EC5F63225 /* Pods-Walk-a-fella.release.xcconfig */;
			buildSettings = {
				ASSETCATALOG_COMPILER_APPICON_NAME = AppIcon;
				CODE_SIGN_IDENTITY = "Apple Development";
				CODE_SIGN_STYLE = Automatic;
				DEVELOPMENT_TEAM = L34H6AHX58;
				INFOPLIST_FILE = "Step Out/Supporting Files/Info.plist";
				IPHONEOS_DEPLOYMENT_TARGET = 12.0;
				LD_RUNPATH_SEARCH_PATHS = (
					"$(inherited)",
					"@executable_path/Frameworks",
				);
				PRODUCT_BUNDLE_IDENTIFIER = "com.Tokan.Walk-a-fella";
				PRODUCT_NAME = "$(TARGET_NAME)";
				PROVISIONING_PROFILE_SPECIFIER = "";
				SWIFT_VERSION = 5.0;
				TARGETED_DEVICE_FAMILY = "1,2";
			};
			name = Release;
		};
/* End XCBuildConfiguration section */

/* Begin XCConfigurationList section */
		041ACFDB24EDA24100834852 /* Build configuration list for PBXProject "Walk-a-fella" */ = {
			isa = XCConfigurationList;
			buildConfigurations = (
				041ACFF224EDA24400834852 /* Debug */,
				041ACFF324EDA24400834852 /* Release */,
			);
			defaultConfigurationIsVisible = 0;
			defaultConfigurationName = Release;
		};
		041ACFF424EDA24400834852 /* Build configuration list for PBXNativeTarget "Walk-a-fella" */ = {
			isa = XCConfigurationList;
			buildConfigurations = (
				041ACFF524EDA24400834852 /* Debug */,
				041ACFF624EDA24400834852 /* Release */,
			);
			defaultConfigurationIsVisible = 0;
			defaultConfigurationName = Release;
		};
/* End XCConfigurationList section */
	};
	rootObject = 041ACFD824EDA24100834852 /* Project object */;
}
